
Microsoft Visual Studio Solution File, Format Version 12.00
# Visual Studio Version 17
VisualStudioVersion = 17.11.35312.102
MinimumVisualStudioVersion = 10.0.40219.1
Project("{9A19103F-16F7-4668-BE54-9A1E7A4F7556}") = "1.1", "Homework\1.1.csproj", "{34E16FB1-315E-4A7F-817D-99FB0238871A}"
EndProject
Project("{9A19103F-16F7-4668-BE54-9A1E7A4F7556}") = "1.3", "1.3\1.3.csproj", "{463DAD81-8132-41CC-B71E-2B0C3329AAEC}"
EndProject
Project("{9A19103F-16F7-4668-BE54-9A1E7A4F7556}") = "2.2", "2.2\2.2.csproj", "{53D72BD8-1399-4A8D-93D9-DF28A916D9CC}"
EndProject
Project("{9A19103F-16F7-4668-BE54-9A1E7A4F7556}") = "2.3", "2.3\2.3.csproj", "{FC54335A-1B9E-4513-93B7-3806F0082730}"
EndProject
Project("{9A19103F-16F7-4668-BE54-9A1E7A4F7556}") = "2.4", "2.4\2.4.csproj", "{D0E28E77-97FF-4576-9978-64968C435216}"
EndProject
Project("{9A19103F-16F7-4668-BE54-9A1E7A4F7556}") = "3.3", "3.3\3.3.csproj", "{3EF94523-7EB7-4E94-960B-0435BFCCEBB2}"
EndProject
Project("{FAE04EC0-301F-11D3-BF4B-00C04F79EFBC}") = "7.1", "7.1\7.1.csproj", "{FE2DF896-205B-4B36-8E17-EADB8B2FC310}"
EndProject
Project("{FAE04EC0-301F-11D3-BF4B-00C04F79EFBC}") = "7.1 test", "7.1 test\7.1 test.csproj", "{3E8D1481-8BE9-4596-B40B-A6772E7D9BED}"
EndProject
Project("{FAE04EC0-301F-11D3-BF4B-00C04F79EFBC}") = "11.1", "11.1\11.1.csproj", "{2D29D4E8-79CC-4004-A895-9E64193A3220}"
EndProject
Project("{FAE04EC0-301F-11D3-BF4B-00C04F79EFBC}") = "MazeGame", "MazeGame\MazeGame.csproj", "{147267A9-75D6-4B56-8F93-3A6A21B66A4C}"
EndProject
Global
	GlobalSection(SolutionConfigurationPlatforms) = preSolution
		Debug|Any CPU = Debug|Any CPU
		Release|Any CPU = Release|Any CPU
	EndGlobalSection
	GlobalSection(ProjectConfigurationPlatforms) = postSolution
		{34E16FB1-315E-4A7F-817D-99FB0238871A}.Debug|Any CPU.ActiveCfg = Debug|Any CPU
		{34E16FB1-315E-4A7F-817D-99FB0238871A}.Debug|Any CPU.Build.0 = Debug|Any CPU
		{34E16FB1-315E-4A7F-817D-99FB0238871A}.Release|Any CPU.ActiveCfg = Release|Any CPU
		{34E16FB1-315E-4A7F-817D-99FB0238871A}.Release|Any CPU.Build.0 = Release|Any CPU
		{463DAD81-8132-41CC-B71E-2B0C3329AAEC}.Debug|Any CPU.ActiveCfg = Debug|Any CPU
		{463DAD81-8132-41CC-B71E-2B0C3329AAEC}.Debug|Any CPU.Build.0 = Debug|Any CPU
		{463DAD81-8132-41CC-B71E-2B0C3329AAEC}.Release|Any CPU.ActiveCfg = Release|Any CPU
		{463DAD81-8132-41CC-B71E-2B0C3329AAEC}.Release|Any CPU.Build.0 = Release|Any CPU
		{53D72BD8-1399-4A8D-93D9-DF28A916D9CC}.Debug|Any CPU.ActiveCfg = Debug|Any CPU
		{53D72BD8-1399-4A8D-93D9-DF28A916D9CC}.Debug|Any CPU.Build.0 = Debug|Any CPU
		{53D72BD8-1399-4A8D-93D9-DF28A916D9CC}.Release|Any CPU.ActiveCfg = Release|Any CPU
		{53D72BD8-1399-4A8D-93D9-DF28A916D9CC}.Release|Any CPU.Build.0 = Release|Any CPU
		{FC54335A-1B9E-4513-93B7-3806F0082730}.Debug|Any CPU.ActiveCfg = Debug|Any CPU
		{FC54335A-1B9E-4513-93B7-3806F0082730}.Debug|Any CPU.Build.0 = Debug|Any CPU
		{FC54335A-1B9E-4513-93B7-3806F0082730}.Release|Any CPU.ActiveCfg = Release|Any CPU
		{FC54335A-1B9E-4513-93B7-3806F0082730}.Release|Any CPU.Build.0 = Release|Any CPU
		{D0E28E77-97FF-4576-9978-64968C435216}.Debug|Any CPU.ActiveCfg = Debug|Any CPU
		{D0E28E77-97FF-4576-9978-64968C435216}.Debug|Any CPU.Build.0 = Debug|Any CPU
		{D0E28E77-97FF-4576-9978-64968C435216}.Release|Any CPU.ActiveCfg = Release|Any CPU
		{D0E28E77-97FF-4576-9978-64968C435216}.Release|Any CPU.Build.0 = Release|Any CPU
		{3EF94523-7EB7-4E94-960B-0435BFCCEBB2}.Debug|Any CPU.ActiveCfg = Debug|Any CPU
		{3EF94523-7EB7-4E94-960B-0435BFCCEBB2}.Debug|Any CPU.Build.0 = Debug|Any CPU
		{3EF94523-7EB7-4E94-960B-0435BFCCEBB2}.Release|Any CPU.ActiveCfg = Release|Any CPU
		{3EF94523-7EB7-4E94-960B-0435BFCCEBB2}.Release|Any CPU.Build.0 = Release|Any CPU
		{FE2DF896-205B-4B36-8E17-EADB8B2FC310}.Debug|Any CPU.ActiveCfg = Debug|Any CPU
		{FE2DF896-205B-4B36-8E17-EADB8B2FC310}.Debug|Any CPU.Build.0 = Debug|Any CPU
		{FE2DF896-205B-4B36-8E17-EADB8B2FC310}.Release|Any CPU.ActiveCfg = Release|Any CPU
		{FE2DF896-205B-4B36-8E17-EADB8B2FC310}.Release|Any CPU.Build.0 = Release|Any CPU
		{3E8D1481-8BE9-4596-B40B-A6772E7D9BED}.Debug|Any CPU.ActiveCfg = Debug|Any CPU
		{3E8D1481-8BE9-4596-B40B-A6772E7D9BED}.Debug|Any CPU.Build.0 = Debug|Any CPU
		{3E8D1481-8BE9-4596-B40B-A6772E7D9BED}.Release|Any CPU.ActiveCfg = Release|Any CPU
		{3E8D1481-8BE9-4596-B40B-A6772E7D9BED}.Release|Any CPU.Build.0 = Release|Any CPU
		{2D29D4E8-79CC-4004-A895-9E64193A3220}.Debug|Any CPU.ActiveCfg = Debug|Any CPU
		{2D29D4E8-79CC-4004-A895-9E64193A3220}.Debug|Any CPU.Build.0 = Debug|Any CPU
		{2D29D4E8-79CC-4004-A895-9E64193A3220}.Release|Any CPU.ActiveCfg = Release|Any CPU
		{2D29D4E8-79CC-4004-A895-9E64193A3220}.Release|Any CPU.Build.0 = Release|Any CPU
		{147267A9-75D6-4B56-8F93-3A6A21B66A4C}.Debug|Any CPU.ActiveCfg = Debug|Any CPU
		{147267A9-75D6-4B56-8F93-3A6A21B66A4C}.Debug|Any CPU.Build.0 = Debug|Any CPU
		{147267A9-75D6-4B56-8F93-3A6A21B66A4C}.Release|Any CPU.ActiveCfg = Release|Any CPU
		{147267A9-75D6-4B56-8F93-3A6A21B66A4C}.Release|Any CPU.Build.0 = Release|Any CPU
	EndGlobalSection
	GlobalSection(SolutionProperties) = preSolution
		HideSolutionNode = FALSE
	EndGlobalSection
	GlobalSection(ExtensibilityGlobals) = postSolution
		SolutionGuid = {21F116FB-97AB-4053-82BC-32207A03E0CD}
	EndGlobalSection
EndGlobal
